dependencies:
  h2zero/esp-nimble-cpp:
    component_hash: 6fe25905e163f3e6737f3a1f2817618887d86dd88fa724fdad18ac718103984a
    dependencies:
    - name: espressif/esp_hosted
      registry_url: https://components.espressif.com
      require: private
      rules:
      - if: target in [esp32p4]
      version: '*'
    - name: espressif/esp_wifi_remote
      registry_url: https://components.espressif.com
      require: private
      rules:
      - if: target in [esp32p4]
      version: '>=0.5.3'
    - name: idf
      require: private
      rules:
      - if: target in [esp32p4]
      version: '>=5.3.0'
    source:
      registry_url: https://components.espressif.com/
      type: service
    version: 2.3.1
  idf:
    source:
      type: idf
    version: 5.4.0
  lvgl/lvgl:
    component_hash: b702d642e03e95928046d5c6726558e6444e112420c77efa5fdb6650b0a13c5d
    dependencies: []
    source:
      registry_url: https://components.espressif.com/
      type: service
    version: 9.3.0
direct_dependencies:
- h2zero/esp-nimble-cpp
- idf
- lvgl/lvgl
manifest_hash: eba87d3c9065684b3e3be1805a6e261c551ddf5d91406bd822d2e0d668a90a6e
target: esp32s3
version: 2.0.0
